// !$*UTF8*$!
{
	archiveVersion = 1;
	classes = {
	};
	objectVersion = 51;
	objects = {

/* Begin PBXBuildFile section */
		005DC77D2499537700007D73 /* MobileNetV2.mlmodel in Sources */ = {isa = PBXBuildFile; fileRef = 005DC77C2499537600007D73 /* MobileNetV2.mlmodel */; };
		005DC77F2499539F00007D73 /* Vision.framework in Frameworks */ = {isa = PBXBuildFile; fileRef = 005DC77E2499539F00007D73 /* Vision.framework */; };
		005DC781249953B900007D73 /* CoreML.framework in Frameworks */ = {isa = PBXBuildFile; fileRef = 005DC780249953B900007D73 /* CoreML.framework */; };
		00C18173249AA2BB00070E8C /* Reachability.m in Sources */ = {isa = PBXBuildFile; fileRef = 00C18172249AA2BB00070E8C /* Reachability.m */; };
		62931DF9C8F80DD850E41040 /* Pods_eyedentify_eyedentifyUITests.framework in Frameworks */ = {isa = PBXBuildFile; fileRef = 0AE001BB797EBE04177999D7 /* Pods_eyedentify_eyedentifyUITests.framework */; };
		68D90C5A1EC4E7F7000BAD57 /* Speech.framework in Frameworks */ = {isa = PBXBuildFile; fileRef = 68D90C591EC4E7F7000BAD57 /* Speech.framework */; };
		AC22EC1A1E2AF0D0003433D1 /* main.m in Sources */ = {isa = PBXBuildFile; fileRef = AC22EC191E2AF0D0003433D1 /* main.m */; };
		AC22EC1D1E2AF0D0003433D1 /* AppDelegate.m in Sources */ = {isa = PBXBuildFile; fileRef = AC22EC1C1E2AF0D0003433D1 /* AppDelegate.m */; };
		AC22EC201E2AF0D0003433D1 /* ViewController.m in Sources */ = {isa = PBXBuildFile; fileRef = AC22EC1F1E2AF0D0003433D1 /* ViewController.m */; };
		AC22EC231E2AF0D0003433D1 /* Main.storyboard in Resources */ = {isa = PBXBuildFile; fileRef = AC22EC211E2AF0D0003433D1 /* Main.storyboard */; };
		AC22EC251E2AF0D0003433D1 /* Assets.xcassets in Resources */ = {isa = PBXBuildFile; fileRef = AC22EC241E2AF0D0003433D1 /* Assets.xcassets */; };
		AC22EC281E2AF0D0003433D1 /* LaunchScreen.storyboard in Resources */ = {isa = PBXBuildFile; fileRef = AC22EC261E2AF0D0003433D1 /* LaunchScreen.storyboard */; };
		AC22EC331E2AF0D0003433D1 /* eyedentifyTests.m in Sources */ = {isa = PBXBuildFile; fileRef = AC22EC321E2AF0D0003433D1 /* eyedentifyTests.m */; };
		AC22EC3E1E2AF0D0003433D1 /* eyedentifyUITests.m in Sources */ = {isa = PBXBuildFile; fileRef = AC22EC3D1E2AF0D0003433D1 /* eyedentifyUITests.m */; };
		AC7E5E741E2AF15800EAFCA5 /* OverlayViewController.m in Sources */ = {isa = PBXBuildFile; fileRef = AC7E5E731E2AF15800EAFCA5 /* OverlayViewController.m */; };
		AC7E5E771E2AF1C500EAFCA5 /* AVKit.framework in Frameworks */ = {isa = PBXBuildFile; fileRef = AC7E5E761E2AF1C500EAFCA5 /* AVKit.framework */; };
		AC7E5E791E2AF1CB00EAFCA5 /* AVFoundation.framework in Frameworks */ = {isa = PBXBuildFile; fileRef = AC7E5E781E2AF1CB00EAFCA5 /* AVFoundation.framework */; };
		AC7E5E7B1E2AFB8900EAFCA5 /* CoreGraphics.framework in Frameworks */ = {isa = PBXBuildFile; fileRef = AC7E5E7A1E2AFB8900EAFCA5 /* CoreGraphics.framework */; };
		AC7E5E7D1E2AFBAD00EAFCA5 /* CoreImage.framework in Frameworks */ = {isa = PBXBuildFile; fileRef = AC7E5E7C1E2AFBAD00EAFCA5 /* CoreImage.framework */; };
		AC7E5E7F1E2AFBD800EAFCA5 /* ImageIO.framework in Frameworks */ = {isa = PBXBuildFile; fileRef = AC7E5E7E1E2AFBD800EAFCA5 /* ImageIO.framework */; };
		AC7E5E851E2B056500EAFCA5 /* SystemConfiguration.framework in Frameworks */ = {isa = PBXBuildFile; fileRef = AC7E5E841E2B056500EAFCA5 /* SystemConfiguration.framework */; };
		ACC1F3511E2B2E6800515DBF /* MetalPerformanceShaders.framework in Frameworks */ = {isa = PBXBuildFile; fileRef = ACC1F3501E2B2E6800515DBF /* MetalPerformanceShaders.framework */; };
		ACC1F3531E2B2E6B00515DBF /* MetalKit.framework in Frameworks */ = {isa = PBXBuildFile; fileRef = ACC1F3521E2B2E6B00515DBF /* MetalKit.framework */; };
		ACC1F3551E2B2E6E00515DBF /* Metal.framework in Frameworks */ = {isa = PBXBuildFile; fileRef = ACC1F3541E2B2E6E00515DBF /* Metal.framework */; };
		ACC1F5311E2B534700515DBF /* LICENSE.txt in Resources */ = {isa = PBXBuildFile; fileRef = ACC1F50F1E2B534700515DBF /* LICENSE.txt */; };
		ACC1F5321E2B534700515DBF /* PINCache.m in Sources */ = {isa = PBXBuildFile; fileRef = ACC1F5131E2B534700515DBF /* PINCache.m */; };
		ACC1F5331E2B534700515DBF /* PINDiskCache.m in Sources */ = {isa = PBXBuildFile; fileRef = ACC1F5151E2B534700515DBF /* PINDiskCache.m */; };
		ACC1F5341E2B534700515DBF /* PINMemoryCache.m in Sources */ = {isa = PBXBuildFile; fileRef = ACC1F5171E2B534700515DBF /* PINMemoryCache.m */; };
		ACC1F5351E2B534700515DBF /* README.md in Sources */ = {isa = PBXBuildFile; fileRef = ACC1F5181E2B534700515DBF /* README.md */; };
		B50CCE6D3F92C7496FDFE8D0 /* Pods_eyedentify.framework in Frameworks */ = {isa = PBXBuildFile; fileRef = 129DD198B37804ACC9166D96 /* Pods_eyedentify.framework */; };
		E6D89FCD7C2FC0116B769B11 /* Pods_eyedentifyTests.framework in Frameworks */ = {isa = PBXBuildFile; fileRef = 2025B6BEBC3116A4396873C3 /* Pods_eyedentifyTests.framework */; };
/* End PBXBuildFile section */

/* Begin PBXContainerItemProxy section */
		AC22EC2F1E2AF0D0003433D1 /* PBXContainerItemProxy */ = {
			isa = PBXContainerItemProxy;
			containerPortal = AC22EC0D1E2AF0D0003433D1 /* Project object */;
			proxyType = 1;
			remoteGlobalIDString = AC22EC141E2AF0D0003433D1;
			remoteInfo = eyedentify;
		};
		AC22EC3A1E2AF0D0003433D1 /* PBXContainerItemProxy */ = {
			isa = PBXContainerItemProxy;
			containerPortal = AC22EC0D1E2AF0D0003433D1 /* Project object */;
			proxyType = 1;
			remoteGlobalIDString = AC22EC141E2AF0D0003433D1;
			remoteInfo = eyedentify;
		};
/* End PBXContainerItemProxy section */

/* Begin PBXFileReference section */
		005DC77C2499537600007D73 /* MobileNetV2.mlmodel */ = {isa = PBXFileReference; lastKnownFileType = file.mlmodel; path = MobileNetV2.mlmodel; sourceTree = "<group>"; };
		005DC77E2499539F00007D73 /* Vision.framework */ = {isa = PBXFileReference; lastKnownFileType = wrapper.framework; name = Vision.framework; path = System/Library/Frameworks/Vision.framework; sourceTree = SDKROOT; };
		005DC780249953B900007D73 /* CoreML.framework */ = {isa = PBXFileReference; lastKnownFileType = wrapper.framework; name = CoreML.framework; path = System/Library/Frameworks/CoreML.framework; sourceTree = SDKROOT; };
		00C18171249AA2BA00070E8C /* Reachability.h */ = {isa = PBXFileReference; fileEncoding = 4; lastKnownFileType = sourcecode.c.h; path = Reachability.h; sourceTree = "<group>"; };
		00C18172249AA2BB00070E8C /* Reachability.m */ = {isa = PBXFileReference; fileEncoding = 4; lastKnownFileType = sourcecode.c.objc; path = Reachability.m; sourceTree = "<group>"; };
		034529A1845CE3413B1153BC /* Pods-eyedentify-eyedentifyUITests.release.xcconfig */ = {isa = PBXFileReference; includeInIndex = 1; lastKnownFileType = text.xcconfig; name = "Pods-eyedentify-eyedentifyUITests.release.xcconfig"; path = "Target Support Files/Pods-eyedentify-eyedentifyUITests/Pods-eyedentify-eyedentifyUITests.release.xcconfig"; sourceTree = "<group>"; };
		0A36716D356D97794712D936 /* Pods-eyedentify.debug.xcconfig */ = {isa = PBXFileReference; includeInIndex = 1; lastKnownFileType = text.xcconfig; name = "Pods-eyedentify.debug.xcconfig"; path = "Target Support Files/Pods-eyedentify/Pods-eyedentify.debug.xcconfig"; sourceTree = "<group>"; };
		0AE001BB797EBE04177999D7 /* Pods_eyedentify_eyedentifyUITests.framework */ = {isa = PBXFileReference; explicitFileType = wrapper.framework; includeInIndex = 0; path = Pods_eyedentify_eyedentifyUITests.framework; sourceTree = BUILT_PRODUCTS_DIR; };
		129DD198B37804ACC9166D96 /* Pods_eyedentify.framework */ = {isa = PBXFileReference; explicitFileType = wrapper.framework; includeInIndex = 0; path = Pods_eyedentify.framework; sourceTree = BUILT_PRODUCTS_DIR; };
		2025B6BEBC3116A4396873C3 /* Pods_eyedentifyTests.framework */ = {isa = PBXFileReference; explicitFileType = wrapper.framework; includeInIndex = 0; path = Pods_eyedentifyTests.framework; sourceTree = BUILT_PRODUCTS_DIR; };
		51D95C0DBD928A1F92539C30 /* Pods-eyedentify-eyedentifyUITests.debug.xcconfig */ = {isa = PBXFileReference; includeInIndex = 1; lastKnownFileType = text.xcconfig; name = "Pods-eyedentify-eyedentifyUITests.debug.xcconfig"; path = "Target Support Files/Pods-eyedentify-eyedentifyUITests/Pods-eyedentify-eyedentifyUITests.debug.xcconfig"; sourceTree = "<group>"; };
		68D90C591EC4E7F7000BAD57 /* Speech.framework */ = {isa = PBXFileReference; lastKnownFileType = wrapper.framework; name = Speech.framework; path = System/Library/Frameworks/Speech.framework; sourceTree = SDKROOT; };
		75D15AEDA8381A48ABB125C9 /* Pods-eyedentify.release.xcconfig */ = {isa = PBXFileReference; includeInIndex = 1; lastKnownFileType = text.xcconfig; name = "Pods-eyedentify.release.xcconfig"; path = "Target Support Files/Pods-eyedentify/Pods-eyedentify.release.xcconfig"; sourceTree = "<group>"; };
		AC22EC151E2AF0D0003433D1 /* eyedentify.app */ = {isa = PBXFileReference; explicitFileType = wrapper.application; includeInIndex = 0; path = eyedentify.app; sourceTree = BUILT_PRODUCTS_DIR; };
		AC22EC191E2AF0D0003433D1 /* main.m */ = {isa = PBXFileReference; lastKnownFileType = sourcecode.c.objc; path = main.m; sourceTree = "<group>"; };
		AC22EC1B1E2AF0D0003433D1 /* AppDelegate.h */ = {isa = PBXFileReference; lastKnownFileType = sourcecode.c.h; path = AppDelegate.h; sourceTree = "<group>"; };
		AC22EC1C1E2AF0D0003433D1 /* AppDelegate.m */ = {isa = PBXFileReference; lastKnownFileType = sourcecode.c.objc; path = AppDelegate.m; sourceTree = "<group>"; };
		AC22EC1E1E2AF0D0003433D1 /* ViewController.h */ = {isa = PBXFileReference; lastKnownFileType = sourcecode.c.h; path = ViewController.h; sourceTree = "<group>"; };
		AC22EC1F1E2AF0D0003433D1 /* ViewController.m */ = {isa = PBXFileReference; lastKnownFileType = sourcecode.c.objc; path = ViewController.m; sourceTree = "<group>"; };
		AC22EC221E2AF0D0003433D1 /* Base */ = {isa = PBXFileReference; lastKnownFileType = file.storyboard; name = Base; path = Base.lproj/Main.storyboard; sourceTree = "<group>"; };
		AC22EC241E2AF0D0003433D1 /* Assets.xcassets */ = {isa = PBXFileReference; lastKnownFileType = folder.assetcatalog; path = Assets.xcassets; sourceTree = "<group>"; };
		AC22EC271E2AF0D0003433D1 /* Base */ = {isa = PBXFileReference; lastKnownFileType = file.storyboard; name = Base; path = Base.lproj/LaunchScreen.storyboard; sourceTree = "<group>"; };
		AC22EC291E2AF0D0003433D1 /* Info.plist */ = {isa = PBXFileReference; lastKnownFileType = text.plist.xml; path = Info.plist; sourceTree = "<group>"; };
		AC22EC2E1E2AF0D0003433D1 /* eyedentifyTests.xctest */ = {isa = PBXFileReference; explicitFileType = wrapper.cfbundle; includeInIndex = 0; path = eyedentifyTests.xctest; sourceTree = BUILT_PRODUCTS_DIR; };
		AC22EC321E2AF0D0003433D1 /* eyedentifyTests.m */ = {isa = PBXFileReference; lastKnownFileType = sourcecode.c.objc; path = eyedentifyTests.m; sourceTree = "<group>"; };
		AC22EC341E2AF0D0003433D1 /* Info.plist */ = {isa = PBXFileReference; lastKnownFileType = text.plist.xml; path = Info.plist; sourceTree = "<group>"; };
		AC22EC391E2AF0D0003433D1 /* eyedentifyUITests.xctest */ = {isa = PBXFileReference; explicitFileType = wrapper.cfbundle; includeInIndex = 0; path = eyedentifyUITests.xctest; sourceTree = BUILT_PRODUCTS_DIR; };
		AC22EC3D1E2AF0D0003433D1 /* eyedentifyUITests.m */ = {isa = PBXFileReference; lastKnownFileType = sourcecode.c.objc; path = eyedentifyUITests.m; sourceTree = "<group>"; };
		AC22EC3F1E2AF0D0003433D1 /* Info.plist */ = {isa = PBXFileReference; lastKnownFileType = text.plist.xml; path = Info.plist; sourceTree = "<group>"; };
		AC7E5E721E2AF15800EAFCA5 /* OverlayViewController.h */ = {isa = PBXFileReference; fileEncoding = 4; lastKnownFileType = sourcecode.c.h; path = OverlayViewController.h; sourceTree = "<group>"; };
		AC7E5E731E2AF15800EAFCA5 /* OverlayViewController.m */ = {isa = PBXFileReference; fileEncoding = 4; lastKnownFileType = sourcecode.c.objc; path = OverlayViewController.m; sourceTree = "<group>"; };
		AC7E5E761E2AF1C500EAFCA5 /* AVKit.framework */ = {isa = PBXFileReference; lastKnownFileType = wrapper.framework; name = AVKit.framework; path = System/Library/Frameworks/AVKit.framework; sourceTree = SDKROOT; };
		AC7E5E781E2AF1CB00EAFCA5 /* AVFoundation.framework */ = {isa = PBXFileReference; lastKnownFileType = wrapper.framework; name = AVFoundation.framework; path = System/Library/Frameworks/AVFoundation.framework; sourceTree = SDKROOT; };
		AC7E5E7A1E2AFB8900EAFCA5 /* CoreGraphics.framework */ = {isa = PBXFileReference; lastKnownFileType = wrapper.framework; name = CoreGraphics.framework; path = System/Library/Frameworks/CoreGraphics.framework; sourceTree = SDKROOT; };
		AC7E5E7C1E2AFBAD00EAFCA5 /* CoreImage.framework */ = {isa = PBXFileReference; lastKnownFileType = wrapper.framework; name = CoreImage.framework; path = System/Library/Frameworks/CoreImage.framework; sourceTree = SDKROOT; };
		AC7E5E7E1E2AFBD800EAFCA5 /* ImageIO.framework */ = {isa = PBXFileReference; lastKnownFileType = wrapper.framework; name = ImageIO.framework; path = System/Library/Frameworks/ImageIO.framework; sourceTree = SDKROOT; };
		AC7E5E841E2B056500EAFCA5 /* SystemConfiguration.framework */ = {isa = PBXFileReference; lastKnownFileType = wrapper.framework; name = SystemConfiguration.framework; path = System/Library/Frameworks/SystemConfiguration.framework; sourceTree = SDKROOT; };
		ACC1F3501E2B2E6800515DBF /* MetalPerformanceShaders.framework */ = {isa = PBXFileReference; lastKnownFileType = wrapper.framework; name = MetalPerformanceShaders.framework; path = System/Library/Frameworks/MetalPerformanceShaders.framework; sourceTree = SDKROOT; };
		ACC1F3521E2B2E6B00515DBF /* MetalKit.framework */ = {isa = PBXFileReference; lastKnownFileType = wrapper.framework; name = MetalKit.framework; path = System/Library/Frameworks/MetalKit.framework; sourceTree = SDKROOT; };
		ACC1F3541E2B2E6E00515DBF /* Metal.framework */ = {isa = PBXFileReference; lastKnownFileType = wrapper.framework; name = Metal.framework; path = System/Library/Frameworks/Metal.framework; sourceTree = SDKROOT; };
		ACC1F50F1E2B534700515DBF /* LICENSE.txt */ = {isa = PBXFileReference; fileEncoding = 4; lastKnownFileType = text; path = LICENSE.txt; sourceTree = "<group>"; };
		ACC1F5111E2B534700515DBF /* Nullability.h */ = {isa = PBXFileReference; fileEncoding = 4; lastKnownFileType = sourcecode.c.h; path = Nullability.h; sourceTree = "<group>"; };
		ACC1F5121E2B534700515DBF /* PINCache.h */ = {isa = PBXFileReference; fileEncoding = 4; lastKnownFileType = sourcecode.c.h; path = PINCache.h; sourceTree = "<group>"; };
		ACC1F5131E2B534700515DBF /* PINCache.m */ = {isa = PBXFileReference; fileEncoding = 4; lastKnownFileType = sourcecode.c.objc; path = PINCache.m; sourceTree = "<group>"; };
		ACC1F5141E2B534700515DBF /* PINDiskCache.h */ = {isa = PBXFileReference; fileEncoding = 4; lastKnownFileType = sourcecode.c.h; path = PINDiskCache.h; sourceTree = "<group>"; };
		ACC1F5151E2B534700515DBF /* PINDiskCache.m */ = {isa = PBXFileReference; fileEncoding = 4; lastKnownFileType = sourcecode.c.objc; path = PINDiskCache.m; sourceTree = "<group>"; };
		ACC1F5161E2B534700515DBF /* PINMemoryCache.h */ = {isa = PBXFileReference; fileEncoding = 4; lastKnownFileType = sourcecode.c.h; path = PINMemoryCache.h; sourceTree = "<group>"; };
		ACC1F5171E2B534700515DBF /* PINMemoryCache.m */ = {isa = PBXFileReference; fileEncoding = 4; lastKnownFileType = sourcecode.c.objc; path = PINMemoryCache.m; sourceTree = "<group>"; };
		ACC1F5181E2B534700515DBF /* README.md */ = {isa = PBXFileReference; fileEncoding = 4; lastKnownFileType = net.daringfireball.markdown; path = README.md; sourceTree = "<group>"; };
		CF168A6EAE450A1496BDF898 /* Pods-eyedentifyTests.debug.xcconfig */ = {isa = PBXFileReference; includeInIndex = 1; lastKnownFileType = text.xcconfig; name = "Pods-eyedentifyTests.debug.xcconfig"; path = "Target Support Files/Pods-eyedentifyTests/Pods-eyedentifyTests.debug.xcconfig"; sourceTree = "<group>"; };
		D46D838BA8A25A38336A8251 /* Pods-eyedentifyTests.release.xcconfig */ = {isa = PBXFileReference; includeInIndex = 1; lastKnownFileType = text.xcconfig; name = "Pods-eyedentifyTests.release.xcconfig"; path = "Target Support Files/Pods-eyedentifyTests/Pods-eyedentifyTests.release.xcconfig"; sourceTree = "<group>"; };
/* End PBXFileReference section */

/* Begin PBXFrameworksBuildPhase section */
		AC22EC121E2AF0D0003433D1 /* Frameworks */ = {
			isa = PBXFrameworksBuildPhase;
			buildActionMask = 2147483647;
			files = (
				68D90C5A1EC4E7F7000BAD57 /* Speech.framework in Frameworks */,
				ACC1F3551E2B2E6E00515DBF /* Metal.framework in Frameworks */,
				ACC1F3511E2B2E6800515DBF /* MetalPerformanceShaders.framework in Frameworks */,
				ACC1F3531E2B2E6B00515DBF /* MetalKit.framework in Frameworks */,
				005DC77F2499539F00007D73 /* Vision.framework in Frameworks */,
				AC7E5E851E2B056500EAFCA5 /* SystemConfiguration.framework in Frameworks */,
				AC7E5E7F1E2AFBD800EAFCA5 /* ImageIO.framework in Frameworks */,
				AC7E5E7D1E2AFBAD00EAFCA5 /* CoreImage.framework in Frameworks */,
				AC7E5E7B1E2AFB8900EAFCA5 /* CoreGraphics.framework in Frameworks */,
				AC7E5E791E2AF1CB00EAFCA5 /* AVFoundation.framework in Frameworks */,
				AC7E5E771E2AF1C500EAFCA5 /* AVKit.framework in Frameworks */,
				005DC781249953B900007D73 /* CoreML.framework in Frameworks */,
				B50CCE6D3F92C7496FDFE8D0 /* Pods_eyedentify.framework in Frameworks */,
			);
			runOnlyForDeploymentPostprocessing = 0;
		};
		AC22EC2B1E2AF0D0003433D1 /* Frameworks */ = {
			isa = PBXFrameworksBuildPhase;
			buildActionMask = 2147483647;
			files = (
				E6D89FCD7C2FC0116B769B11 /* Pods_eyedentifyTests.framework in Frameworks */,
			);
			runOnlyForDeploymentPostprocessing = 0;
		};
		AC22EC361E2AF0D0003433D1 /* Frameworks */ = {
			isa = PBXFrameworksBuildPhase;
			buildActionMask = 2147483647;
			files = (
				62931DF9C8F80DD850E41040 /* Pods_eyedentify_eyedentifyUITests.framework in Frameworks */,
			);
			runOnlyForDeploymentPostprocessing = 0;
		};
/* End PBXFrameworksBuildPhase section */

/* Begin PBXGroup section */
		005DC77B2499536A00007D73 /* Model */ = {
			isa = PBXGroup;
			children = (
				005DC77C2499537600007D73 /* MobileNetV2.mlmodel */,
			);
			path = Model;
			sourceTree = "<group>";
		};
		00C18170249AA2AF00070E8C /* Reachability */ = {
			isa = PBXGroup;
			children = (
				00C18171249AA2BA00070E8C /* Reachability.h */,
				00C18172249AA2BB00070E8C /* Reachability.m */,
			);
			path = Reachability;
			sourceTree = "<group>";
		};
		7985D55684D13DCC2AD0ACEA /* Pods */ = {
			isa = PBXGroup;
			children = (
				0A36716D356D97794712D936 /* Pods-eyedentify.debug.xcconfig */,
				75D15AEDA8381A48ABB125C9 /* Pods-eyedentify.release.xcconfig */,
				51D95C0DBD928A1F92539C30 /* Pods-eyedentify-eyedentifyUITests.debug.xcconfig */,
				034529A1845CE3413B1153BC /* Pods-eyedentify-eyedentifyUITests.release.xcconfig */,
				CF168A6EAE450A1496BDF898 /* Pods-eyedentifyTests.debug.xcconfig */,
				D46D838BA8A25A38336A8251 /* Pods-eyedentifyTests.release.xcconfig */,
			);
			path = Pods;
			sourceTree = "<group>";
		};
		AC22EC0C1E2AF0D0003433D1 = {
			isa = PBXGroup;
			children = (
				ACC1F50E1E2B534700515DBF /* PINCache */,
				AC22EC171E2AF0D0003433D1 /* eyedentify */,
				AC22EC311E2AF0D0003433D1 /* eyedentifyTests */,
				AC22EC3C1E2AF0D0003433D1 /* eyedentifyUITests */,
				AC22EC161E2AF0D0003433D1 /* Products */,
				AC7E5E751E2AF1C500EAFCA5 /* Frameworks */,
				7985D55684D13DCC2AD0ACEA /* Pods */,
			);
			sourceTree = "<group>";
		};
		AC22EC161E2AF0D0003433D1 /* Products */ = {
			isa = PBXGroup;
			children = (
				AC22EC151E2AF0D0003433D1 /* eyedentify.app */,
				AC22EC2E1E2AF0D0003433D1 /* eyedentifyTests.xctest */,
				AC22EC391E2AF0D0003433D1 /* eyedentifyUITests.xctest */,
			);
			name = Products;
			sourceTree = "<group>";
		};
		AC22EC171E2AF0D0003433D1 /* eyedentify */ = {
			isa = PBXGroup;
			children = (
				00C18170249AA2AF00070E8C /* Reachability */,
				005DC77B2499536A00007D73 /* Model */,
				AC22EC1B1E2AF0D0003433D1 /* AppDelegate.h */,
				AC22EC1C1E2AF0D0003433D1 /* AppDelegate.m */,
				AC22EC1E1E2AF0D0003433D1 /* ViewController.h */,
				AC22EC1F1E2AF0D0003433D1 /* ViewController.m */,
				AC7E5E721E2AF15800EAFCA5 /* OverlayViewController.h */,
				AC7E5E731E2AF15800EAFCA5 /* OverlayViewController.m */,
				AC22EC211E2AF0D0003433D1 /* Main.storyboard */,
				AC22EC241E2AF0D0003433D1 /* Assets.xcassets */,
				AC22EC261E2AF0D0003433D1 /* LaunchScreen.storyboard */,
				AC22EC291E2AF0D0003433D1 /* Info.plist */,
				AC22EC181E2AF0D0003433D1 /* Supporting Files */,
			);
			path = eyedentify;
			sourceTree = "<group>";
		};
		AC22EC181E2AF0D0003433D1 /* Supporting Files */ = {
			isa = PBXGroup;
			children = (
				AC22EC191E2AF0D0003433D1 /* main.m */,
			);
			name = "Supporting Files";
			sourceTree = "<group>";
		};
		AC22EC311E2AF0D0003433D1 /* eyedentifyTests */ = {
			isa = PBXGroup;
			children = (
				AC22EC321E2AF0D0003433D1 /* eyedentifyTests.m */,
				AC22EC341E2AF0D0003433D1 /* Info.plist */,
			);
			path = eyedentifyTests;
			sourceTree = "<group>";
		};
		AC22EC3C1E2AF0D0003433D1 /* eyedentifyUITests */ = {
			isa = PBXGroup;
			children = (
				AC22EC3D1E2AF0D0003433D1 /* eyedentifyUITests.m */,
				AC22EC3F1E2AF0D0003433D1 /* Info.plist */,
			);
			path = eyedentifyUITests;
			sourceTree = "<group>";
		};
		AC7E5E751E2AF1C500EAFCA5 /* Frameworks */ = {
			isa = PBXGroup;
			children = (
				005DC780249953B900007D73 /* CoreML.framework */,
				005DC77E2499539F00007D73 /* Vision.framework */,
				68D90C591EC4E7F7000BAD57 /* Speech.framework */,
				ACC1F3541E2B2E6E00515DBF /* Metal.framework */,
				ACC1F3521E2B2E6B00515DBF /* MetalKit.framework */,
				ACC1F3501E2B2E6800515DBF /* MetalPerformanceShaders.framework */,
				AC7E5E841E2B056500EAFCA5 /* SystemConfiguration.framework */,
				AC7E5E7E1E2AFBD800EAFCA5 /* ImageIO.framework */,
				AC7E5E7C1E2AFBAD00EAFCA5 /* CoreImage.framework */,
				AC7E5E7A1E2AFB8900EAFCA5 /* CoreGraphics.framework */,
				AC7E5E781E2AF1CB00EAFCA5 /* AVFoundation.framework */,
				AC7E5E761E2AF1C500EAFCA5 /* AVKit.framework */,
				129DD198B37804ACC9166D96 /* Pods_eyedentify.framework */,
				0AE001BB797EBE04177999D7 /* Pods_eyedentify_eyedentifyUITests.framework */,
				2025B6BEBC3116A4396873C3 /* Pods_eyedentifyTests.framework */,
			);
			name = Frameworks;
			sourceTree = "<group>";
		};
		ACC1F50E1E2B534700515DBF /* PINCache */ = {
			isa = PBXGroup;
			children = (
				ACC1F50F1E2B534700515DBF /* LICENSE.txt */,
				ACC1F5101E2B534700515DBF /* PINCache */,
				ACC1F5181E2B534700515DBF /* README.md */,
			);
			name = PINCache;
			path = eyedentify/network_params/PINCache;
			sourceTree = "<group>";
		};
		ACC1F5101E2B534700515DBF /* PINCache */ = {
			isa = PBXGroup;
			children = (
				ACC1F5111E2B534700515DBF /* Nullability.h */,
				ACC1F5121E2B534700515DBF /* PINCache.h */,
				ACC1F5131E2B534700515DBF /* PINCache.m */,
				ACC1F5141E2B534700515DBF /* PINDiskCache.h */,
				ACC1F5151E2B534700515DBF /* PINDiskCache.m */,
				ACC1F5161E2B534700515DBF /* PINMemoryCache.h */,
				ACC1F5171E2B534700515DBF /* PINMemoryCache.m */,
			);
			path = PINCache;
			sourceTree = "<group>";
		};
/* End PBXGroup section */

/* Begin PBXNativeTarget section */
		AC22EC141E2AF0D0003433D1 /* eyedentify */ = {
			isa = PBXNativeTarget;
			buildConfigurationList = AC22EC421E2AF0D0003433D1 /* Build configuration list for PBXNativeTarget "eyedentify" */;
			buildPhases = (
				4066021E1DE91296E562D419 /* [CP] Check Pods Manifest.lock */,
				AC22EC111E2AF0D0003433D1 /* Sources */,
				AC22EC121E2AF0D0003433D1 /* Frameworks */,
				AC22EC131E2AF0D0003433D1 /* Resources */,
				3B6115876A8E5596F2B6CB34 /* [CP] Copy Pods Resources */,
				27BF8CD758F01431D3D46EA7 /* [CP] Embed Pods Frameworks */,
			);
			buildRules = (
			);
			dependencies = (
			);
			name = eyedentify;
			productName = eyedentify;
			productReference = AC22EC151E2AF0D0003433D1 /* eyedentify.app */;
			productType = "com.apple.product-type.application";
		};
		AC22EC2D1E2AF0D0003433D1 /* eyedentifyTests */ = {
			isa = PBXNativeTarget;
			buildConfigurationList = AC22EC451E2AF0D0003433D1 /* Build configuration list for PBXNativeTarget "eyedentifyTests" */;
			buildPhases = (
				6778792501761605A0555D67 /* [CP] Check Pods Manifest.lock */,
				AC22EC2A1E2AF0D0003433D1 /* Sources */,
				AC22EC2B1E2AF0D0003433D1 /* Frameworks */,
				AC22EC2C1E2AF0D0003433D1 /* Resources */,
			);
			buildRules = (
			);
			dependencies = (
				AC22EC301E2AF0D0003433D1 /* PBXTargetDependency */,
			);
			name = eyedentifyTests;
			productName = eyedentifyTests;
			productReference = AC22EC2E1E2AF0D0003433D1 /* eyedentifyTests.xctest */;
			productType = "com.apple.product-type.bundle.unit-test";
		};
		AC22EC381E2AF0D0003433D1 /* eyedentifyUITests */ = {
			isa = PBXNativeTarget;
			buildConfigurationList = AC22EC481E2AF0D0003433D1 /* Build configuration list for PBXNativeTarget "eyedentifyUITests" */;
			buildPhases = (
				E6A579330510E6B00CEEBE0C /* [CP] Check Pods Manifest.lock */,
				AC22EC351E2AF0D0003433D1 /* Sources */,
				AC22EC361E2AF0D0003433D1 /* Frameworks */,
				AC22EC371E2AF0D0003433D1 /* Resources */,
				8A6FF62A2DF3BFD49AAF2B3C /* [CP] Copy Pods Resources */,
				BE8D4AAFF6B798CD0B2A0C29 /* [CP] Embed Pods Frameworks */,
			);
			buildRules = (
			);
			dependencies = (
				AC22EC3B1E2AF0D0003433D1 /* PBXTargetDependency */,
			);
			name = eyedentifyUITests;
			productName = eyedentifyUITests;
			productReference = AC22EC391E2AF0D0003433D1 /* eyedentifyUITests.xctest */;
			productType = "com.apple.product-type.bundle.ui-testing";
		};
/* End PBXNativeTarget section */

/* Begin PBXProject section */
		AC22EC0D1E2AF0D0003433D1 /* Project object */ = {
			isa = PBXProject;
			attributes = {
				LastUpgradeCheck = 0820;
				ORGANIZATIONNAME = "The Three Bruhsketeers";
				TargetAttributes = {
					AC22EC141E2AF0D0003433D1 = {
						CreatedOnToolsVersion = 8.2.1;
						DevelopmentTeam = 85Q84CPFAN;
						LastSwiftMigration = 0820;
						ProvisioningStyle = Automatic;
					};
					AC22EC2D1E2AF0D0003433D1 = {
						CreatedOnToolsVersion = 8.2.1;
						LastSwiftMigration = 0820;
						ProvisioningStyle = Automatic;
						TestTargetID = AC22EC141E2AF0D0003433D1;
					};
					AC22EC381E2AF0D0003433D1 = {
						CreatedOnToolsVersion = 8.2.1;
						LastSwiftMigration = 0820;
						ProvisioningStyle = Automatic;
						TestTargetID = AC22EC141E2AF0D0003433D1;
					};
				};
			};
			buildConfigurationList = AC22EC101E2AF0D0003433D1 /* Build configuration list for PBXProject "eyedentify" */;
			compatibilityVersion = "Xcode 3.2";
			developmentRegion = English;
			hasScannedForEncodings = 0;
			knownRegions = (
				English,
				en,
				Base,
			);
			mainGroup = AC22EC0C1E2AF0D0003433D1;
			productRefGroup = AC22EC161E2AF0D0003433D1 /* Products */;
			projectDirPath = "";
			projectRoot = "";
			targets = (
				AC22EC141E2AF0D0003433D1 /* eyedentify */,
				AC22EC2D1E2AF0D0003433D1 /* eyedentifyTests */,
				AC22EC381E2AF0D0003433D1 /* eyedentifyUITests */,
			);
		};
/* End PBXProject section */

/* Begin PBXResourcesBuildPhase section */
		AC22EC131E2AF0D0003433D1 /* Resources */ = {
			isa = PBXResourcesBuildPhase;
			buildActionMask = 2147483647;
			files = (
				ACC1F5311E2B534700515DBF /* LICENSE.txt in Resources */,
				AC22EC281E2AF0D0003433D1 /* LaunchScreen.storyboard in Resources */,
				AC22EC251E2AF0D0003433D1 /* Assets.xcassets in Resources */,
				AC22EC231E2AF0D0003433D1 /* Main.storyboard in Resources */,
			);
			runOnlyForDeploymentPostprocessing = 0;
		};
		AC22EC2C1E2AF0D0003433D1 /* Resources */ = {
			isa = PBXResourcesBuildPhase;
			buildActionMask = 2147483647;
			files = (
			);
			runOnlyForDeploymentPostprocessing = 0;
		};
		AC22EC371E2AF0D0003433D1 /* Resources */ = {
			isa = PBXResourcesBuildPhase;
			buildActionMask = 2147483647;
			files = (
			);
			runOnlyForDeploymentPostprocessing = 0;
		};
/* End PBXResourcesBuildPhase section */

/* Begin PBXShellScriptBuildPhase section */
		27BF8CD758F01431D3D46EA7 /* [CP] Embed Pods Frameworks */ = {
			isa = PBXShellScriptBuildPhase;
			buildActionMask = 2147483647;
			files = (
			);
			inputFileListPaths = (
				"${PODS_ROOT}/Target Support Files/Pods-eyedentify/Pods-eyedentify-frameworks-${CONFIGURATION}-input-files.xcfilelist",
			);
			name = "[CP] Embed Pods Frameworks";
			outputFileListPaths = (
				"${PODS_ROOT}/Target Support Files/Pods-eyedentify/Pods-eyedentify-frameworks-${CONFIGURATION}-output-files.xcfilelist",
			);
			runOnlyForDeploymentPostprocessing = 0;
			shellPath = /bin/sh;
			shellScript = "\"${PODS_ROOT}/Target Support Files/Pods-eyedentify/Pods-eyedentify-frameworks.sh\"\n";
			showEnvVarsInLog = 0;
		};
		3B6115876A8E5596F2B6CB34 /* [CP] Copy Pods Resources */ = {
			isa = PBXShellScriptBuildPhase;
			buildActionMask = 2147483647;
			files = (
			);
			inputFileListPaths = (
				"${PODS_ROOT}/Target Support Files/Pods-eyedentify/Pods-eyedentify-resources-${CONFIGURATION}-input-files.xcfilelist",
			);
			name = "[CP] Copy Pods Resources";
			outputFileListPaths = (
				"${PODS_ROOT}/Target Support Files/Pods-eyedentify/Pods-eyedentify-resources-${CONFIGURATION}-output-files.xcfilelist",
			);
			runOnlyForDeploymentPostprocessing = 0;
			shellPath = /bin/sh;
			shellScript = "\"${PODS_ROOT}/Target Support Files/Pods-eyedentify/Pods-eyedentify-resources.sh\"\n";
			showEnvVarsInLog = 0;
		};
		4066021E1DE91296E562D419 /* [CP] Check Pods Manifest.lock */ = {
			isa = PBXShellScriptBuildPhase;
			buildActionMask = 2147483647;
			files = (
			);
			inputFileListPaths = (
			);
			inputPaths = (
				"${PODS_PODFILE_DIR_PATH}/Podfile.lock",
				"${PODS_ROOT}/Manifest.lock",
			);
			name = "[CP] Check Pods Manifest.lock";
			outputFileListPaths = (
			);
			outputPaths = (
				"$(DERIVED_FILE_DIR)/Pods-eyedentify-checkManifestLockResult.txt",
			);
			runOnlyForDeploymentPostprocessing = 0;
			shellPath = /bin/sh;
			shellScript = "diff \"${PODS_PODFILE_DIR_PATH}/Podfile.lock\" \"${PODS_ROOT}/Manifest.lock\" > /dev/null\nif [ $? != 0 ] ; then\n    # print error to STDERR\n    echo \"error: The sandbox is not in sync with the Podfile.lock. Run 'pod install' or update your CocoaPods installation.\" >&2\n    exit 1\nfi\n# This output is used by Xcode 'outputs' to avoid re-running this script phase.\necho \"SUCCESS\" > \"${SCRIPT_OUTPUT_FILE_0}\"\n";
			showEnvVarsInLog = 0;
		};
		6778792501761605A0555D67 /* [CP] Check Pods Manifest.lock */ = {
			isa = PBXShellScriptBuildPhase;
			buildActionMask = 2147483647;
			files = (
			);
			inputFileListPaths = (
			);
			inputPaths = (
				"${PODS_PODFILE_DIR_PATH}/Podfile.lock",
				"${PODS_ROOT}/Manifest.lock",
			);
			name = "[CP] Check Pods Manifest.lock";
			outputFileListPaths = (
			);
			outputPaths = (
				"$(DERIVED_FILE_DIR)/Pods-eyedentifyTests-checkManifestLockResult.txt",
			);
			runOnlyForDeploymentPostprocessing = 0;
			shellPath = /bin/sh;
			shellScript = "diff \"${PODS_PODFILE_DIR_PATH}/Podfile.lock\" \"${PODS_ROOT}/Manifest.lock\" > /dev/null\nif [ $? != 0 ] ; then\n    # print error to STDERR\n    echo \"error: The sandbox is not in sync with the Podfile.lock. Run 'pod install' or update your CocoaPods installation.\" >&2\n    exit 1\nfi\n# This output is used by Xcode 'outputs' to avoid re-running this script phase.\necho \"SUCCESS\" > \"${SCRIPT_OUTPUT_FILE_0}\"\n";
			showEnvVarsInLog = 0;
		};
		8A6FF62A2DF3BFD49AAF2B3C /* [CP] Copy Pods Resources */ = {
			isa = PBXShellScriptBuildPhase;
			buildActionMask = 2147483647;
			files = (
			);
			inputFileListPaths = (
				"${PODS_ROOT}/Target Support Files/Pods-eyedentify-eyedentifyUITests/Pods-eyedentify-eyedentifyUITests-resources-${CONFIGURATION}-input-files.xcfilelist",
			);
			name = "[CP] Copy Pods Resources";
			outputFileListPaths = (
				"${PODS_ROOT}/Target Support Files/Pods-eyedentify-eyedentifyUITests/Pods-eyedentify-eyedentifyUITests-resources-${CONFIGURATION}-output-files.xcfilelist",
			);
			runOnlyForDeploymentPostprocessing = 0;
			shellPath = /bin/sh;
			shellScript = "\"${PODS_ROOT}/Target Support Files/Pods-eyedentify-eyedentifyUITests/Pods-eyedentify-eyedentifyUITests-resources.sh\"\n";
			showEnvVarsInLog = 0;
		};
		BE8D4AAFF6B798CD0B2A0C29 /* [CP] Embed Pods Frameworks */ = {
			isa = PBXShellScriptBuildPhase;
			buildActionMask = 2147483647;
			files = (
			);
			inputFileListPaths = (
				"${PODS_ROOT}/Target Support Files/Pods-eyedentify-eyedentifyUITests/Pods-eyedentify-eyedentifyUITests-frameworks-${CONFIGURATION}-input-files.xcfilelist",
			);
			name = "[CP] Embed Pods Frameworks";
			outputFileListPaths = (
				"${PODS_ROOT}/Target Support Files/Pods-eyedentify-eyedentifyUITests/Pods-eyedentify-eyedentifyUITests-frameworks-${CONFIGURATION}-output-files.xcfilelist",
			);
			runOnlyForDeploymentPostprocessing = 0;
			shellPath = /bin/sh;
			shellScript = "\"${PODS_ROOT}/Target Support Files/Pods-eyedentify-eyedentifyUITests/Pods-eyedentify-eyedentifyUITests-frameworks.sh\"\n";
			showEnvVarsInLog = 0;
		};
		E6A579330510E6B00CEEBE0C /* [CP] Check Pods Manifest.lock */ = {
			isa = PBXShellScriptBuildPhase;
			buildActionMask = 2147483647;
			files = (
			);
			inputFileListPaths = (
			);
			inputPaths = (
				"${PODS_PODFILE_DIR_PATH}/Podfile.lock",
				"${PODS_ROOT}/Manifest.lock",
			);
			name = "[CP] Check Pods Manifest.lock";
			outputFileListPaths = (
			);
			outputPaths = (
				"$(DERIVED_FILE_DIR)/Pods-eyedentify-eyedentifyUITests-checkManifestLockResult.txt",
			);
			runOnlyForDeploymentPostprocessing = 0;
			shellPath = /bin/sh;
			shellScript = "diff \"${PODS_PODFILE_DIR_PATH}/Podfile.lock\" \"${PODS_ROOT}/Manifest.lock\" > /dev/null\nif [ $? != 0 ] ; then\n    # print error to STDERR\n    echo \"error: The sandbox is not in sync with the Podfile.lock. Run 'pod install' or update your CocoaPods installation.\" >&2\n    exit 1\nfi\n# This output is used by Xcode 'outputs' to avoid re-running this script phase.\necho \"SUCCESS\" > \"${SCRIPT_OUTPUT_FILE_0}\"\n";
			showEnvVarsInLog = 0;
		};
/* End PBXShellScriptBuildPhase section */

/* Begin PBXSourcesBuildPhase section */
		AC22EC111E2AF0D0003433D1 /* Sources */ = {
			isa = PBXSourcesBuildPhase;
			buildActionMask = 2147483647;
			files = (
				AC22EC201E2AF0D0003433D1 /* ViewController.m in Sources */,
				AC22EC1D1E2AF0D0003433D1 /* AppDelegate.m in Sources */,
				ACC1F5331E2B534700515DBF /* PINDiskCache.m in Sources */,
				ACC1F5351E2B534700515DBF /* README.md in Sources */,
				00C18173249AA2BB00070E8C /* Reachability.m in Sources */,
				005DC77D2499537700007D73 /* MobileNetV2.mlmodel in Sources */,
				AC22EC1A1E2AF0D0003433D1 /* main.m in Sources */,
				AC7E5E741E2AF15800EAFCA5 /* OverlayViewController.m in Sources */,
				ACC1F5321E2B534700515DBF /* PINCache.m in Sources */,
				ACC1F5341E2B534700515DBF /* PINMemoryCache.m in Sources */,
			);
			runOnlyForDeploymentPostprocessing = 0;
		};
		AC22EC2A1E2AF0D0003433D1 /* Sources */ = {
			isa = PBXSourcesBuildPhase;
			buildActionMask = 2147483647;
			files = (
				AC22EC331E2AF0D0003433D1 /* eyedentifyTests.m in Sources */,
			);
			runOnlyForDeploymentPostprocessing = 0;
		};
		AC22EC351E2AF0D0003433D1 /* Sources */ = {
			isa = PBXSourcesBuildPhase;
			buildActionMask = 2147483647;
			files = (
				AC22EC3E1E2AF0D0003433D1 /* eyedentifyUITests.m in Sources */,
			);
			runOnlyForDeploymentPostprocessing = 0;
		};
/* End PBXSourcesBuildPhase section */

/* Begin PBXTargetDependency section */
		AC22EC301E2AF0D0003433D1 /* PBXTargetDependency */ = {
			isa = PBXTargetDependency;
			target = AC22EC141E2AF0D0003433D1 /* eyedentify */;
			targetProxy = AC22EC2F1E2AF0D0003433D1 /* PBXContainerItemProxy */;
		};
		AC22EC3B1E2AF0D0003433D1 /* PBXTargetDependency */ = {
			isa = PBXTargetDependency;
			target = AC22EC141E2AF0D0003433D1 /* eyedentify */;
			targetProxy = AC22EC3A1E2AF0D0003433D1 /* PBXContainerItemProxy */;
		};
/* End PBXTargetDependency section */

/* Begin PBXVariantGroup section */
		AC22EC211E2AF0D0003433D1 /* Main.storyboard */ = {
			isa = PBXVariantGroup;
			children = (
				AC22EC221E2AF0D0003433D1 /* Base */,
			);
			name = Main.storyboard;
			sourceTree = "<group>";
		};
		AC22EC261E2AF0D0003433D1 /* LaunchScreen.storyboard */ = {
			isa = PBXVariantGroup;
			children = (
				AC22EC271E2AF0D0003433D1 /* Base */,
			);
			name = LaunchScreen.storyboard;
			sourceTree = "<group>";
		};
/* End PBXVariantGroup section */

/* Begin XCBuildConfiguration section */
		AC22EC401E2AF0D0003433D1 /* Debug */ = {
			isa = XCBuildConfiguration;
			buildSettings = {
				ALWAYS_SEARCH_USER_PATHS = NO;
				CLANG_ANALYZER_NONNULL = YES;
				CLANG_CXX_LANGUAGE_STANDARD = "gnu++0x";
				CLANG_CXX_LIBRARY = "libc++";
				CLANG_ENABLE_MODULES = YES;
				CLANG_ENABLE_OBJC_ARC = YES;
				CLANG_WARN_BOOL_CONVERSION = YES;
				CLANG_WARN_CONSTANT_CONVERSION = YES;
				CLANG_WARN_DIRECT_OBJC_ISA_USAGE = YES_ERROR;
				CLANG_WARN_DOCUMENTATION_COMMENTS = YES;
				CLANG_WARN_EMPTY_BODY = YES;
				CLANG_WARN_ENUM_CONVERSION = YES;
				CLANG_WARN_INFINITE_RECURSION = YES;
				CLANG_WARN_INT_CONVERSION = YES;
				CLANG_WARN_OBJC_ROOT_CLASS = YES_ERROR;
				CLANG_WARN_SUSPICIOUS_MOVE = YES;
				CLANG_WARN_UNREACHABLE_CODE = YES;
				CLANG_WARN__DUPLICATE_METHOD_MATCH = YES;
				"CODE_SIGN_IDENTITY[sdk=iphoneos*]" = "iPhone Developer";
				COPY_PHASE_STRIP = NO;
				DEBUG_INFORMATION_FORMAT = dwarf;
				ENABLE_STRICT_OBJC_MSGSEND = YES;
				ENABLE_TESTABILITY = YES;
				GCC_C_LANGUAGE_STANDARD = gnu99;
				GCC_DYNAMIC_NO_PIC = NO;
				GCC_NO_COMMON_BLOCKS = YES;
				GCC_OPTIMIZATION_LEVEL = 0;
				GCC_PREPROCESSOR_DEFINITIONS = (
					"DEBUG=1",
					"$(inherited)",
				);
				GCC_WARN_64_TO_32_BIT_CONVERSION = YES;
				GCC_WARN_ABOUT_RETURN_TYPE = YES_ERROR;
				GCC_WARN_UNDECLARED_SELECTOR = YES;
				GCC_WARN_UNINITIALIZED_AUTOS = YES_AGGRESSIVE;
				GCC_WARN_UNUSED_FUNCTION = YES;
				GCC_WARN_UNUSED_VARIABLE = YES;
				IPHONEOS_DEPLOYMENT_TARGET = 10.2;
				MTL_ENABLE_DEBUG_INFO = YES;
				ONLY_ACTIVE_ARCH = YES;
				SDKROOT = iphoneos;
			};
			name = Debug;
		};
		AC22EC411E2AF0D0003433D1 /* Release */ = {
			isa = XCBuildConfiguration;
			buildSettings = {
				ALWAYS_SEARCH_USER_PATHS = NO;
				CLANG_ANALYZER_NONNULL = YES;
				CLANG_CXX_LANGUAGE_STANDARD = "gnu++0x";
				CLANG_CXX_LIBRARY = "libc++";
				CLANG_ENABLE_MODULES = YES;
				CLANG_ENABLE_OBJC_ARC = YES;
				CLANG_WARN_BOOL_CONVERSION = YES;
				CLANG_WARN_CONSTANT_CONVERSION = YES;
				CLANG_WARN_DIRECT_OBJC_ISA_USAGE = YES_ERROR;
				CLANG_WARN_DOCUMENTATION_COMMENTS = YES;
				CLANG_WARN_EMPTY_BODY = YES;
				CLANG_WARN_ENUM_CONVERSION = YES;
				CLANG_WARN_INFINITE_RECURSION = YES;
				CLANG_WARN_INT_CONVERSION = YES;
				CLANG_WARN_OBJC_ROOT_CLASS = YES_ERROR;
				CLANG_WARN_SUSPICIOUS_MOVE = YES;
				CLANG_WARN_UNREACHABLE_CODE = YES;
				CLANG_WARN__DUPLICATE_METHOD_MATCH = YES;
				"CODE_SIGN_IDENTITY[sdk=iphoneos*]" = "iPhone Developer";
				COPY_PHASE_STRIP = NO;
				DEBUG_INFORMATION_FORMAT = "dwarf-with-dsym";
				ENABLE_NS_ASSERTIONS = NO;
				ENABLE_STRICT_OBJC_MSGSEND = YES;
				GCC_C_LANGUAGE_STANDARD = gnu99;
				GCC_NO_COMMON_BLOCKS = YES;
				GCC_WARN_64_TO_32_BIT_CONVERSION = YES;
				GCC_WARN_ABOUT_RETURN_TYPE = YES_ERROR;
				GCC_WARN_UNDECLARED_SELECTOR = YES;
				GCC_WARN_UNINITIALIZED_AUTOS = YES_AGGRESSIVE;
				GCC_WARN_UNUSED_FUNCTION = YES;
				GCC_WARN_UNUSED_VARIABLE = YES;
				IPHONEOS_DEPLOYMENT_TARGET = 10.2;
				MTL_ENABLE_DEBUG_INFO = NO;
				SDKROOT = iphoneos;
				VALIDATE_PRODUCT = YES;
			};
			name = Release;
		};
		AC22EC431E2AF0D0003433D1 /* Debug */ = {
			isa = XCBuildConfiguration;
			baseConfigurationReference = 0A36716D356D97794712D936 /* Pods-eyedentify.debug.xcconfig */;
			buildSettings = {
				ASSETCATALOG_COMPILER_APPICON_NAME = AppIcon;
				CURRENT_PROJECT_VERSION = 3;
				DEVELOPMENT_TEAM = 85Q84CPFAN;
				ENABLE_BITCODE = NO;
				FRAMEWORK_SEARCH_PATHS = (
					"$(inherited)",
					"$(PROJECT_DIR)",
				);
				INFOPLIST_FILE = eyedentify/Info.plist;
				IPHONEOS_DEPLOYMENT_TARGET = 11.0;
				LD_RUNPATH_SEARCH_PATHS = (
					"$(inherited)",
					"@executable_path/Frameworks",
				);
				MARKETING_VERSION = 1.1;
				PRODUCT_BUNDLE_IDENTIFIER = com.pixelbypixel.eyedentify;
				PRODUCT_NAME = "$(TARGET_NAME)";
				SWIFT_VERSION = 4.0;
				TARGETED_DEVICE_FAMILY = 1;
			};
			name = Debug;
		};
		AC22EC441E2AF0D0003433D1 /* Release */ = {
			isa = XCBuildConfiguration;
			baseConfigurationReference = 75D15AEDA8381A48ABB125C9 /* Pods-eyedentify.release.xcconfig */;
			buildSettings = {
				ASSETCATALOG_COMPILER_APPICON_NAME = AppIcon;
				CURRENT_PROJECT_VERSION = 3;
				DEVELOPMENT_TEAM = 85Q84CPFAN;
				ENABLE_BITCODE = NO;
				FRAMEWORK_SEARCH_PATHS = (
					"$(inherited)",
					"$(PROJECT_DIR)",
				);
				INFOPLIST_FILE = eyedentify/Info.plist;
				IPHONEOS_DEPLOYMENT_TARGET = 11.0;
				LD_RUNPATH_SEARCH_PATHS = (
					"$(inherited)",
					"@executable_path/Frameworks",
				);
				MARKETING_VERSION = 1.1;
				PRODUCT_BUNDLE_IDENTIFIER = com.pixelbypixel.eyedentify;
				PRODUCT_NAME = "$(TARGET_NAME)";
				SWIFT_VERSION = 4.0;
				TARGETED_DEVICE_FAMILY = 1;
			};
			name = Release;
		};
		AC22EC461E2AF0D0003433D1 /* Debug */ = {
			isa = XCBuildConfiguration;
			baseConfigurationReference = CF168A6EAE450A1496BDF898 /* Pods-eyedentifyTests.debug.xcconfig */;
			buildSettings = {
				BUNDLE_LOADER = "$(TEST_HOST)";
				INFOPLIST_FILE = eyedentifyTests/Info.plist;
				LD_RUNPATH_SEARCH_PATHS = (
					"$(inherited)",
					"@executable_path/Frameworks",
					"@loader_path/Frameworks",
				);
				PRODUCT_BUNDLE_IDENTIFIER = "Mlab-Technologies.eyedentifyTests";
				PRODUCT_NAME = "$(TARGET_NAME)";
				SWIFT_VERSION = 3.0;
				TEST_HOST = "$(BUILT_PRODUCTS_DIR)/eyedentify.app/eyedentify";
			};
			name = Debug;
		};
		AC22EC471E2AF0D0003433D1 /* Release */ = {
			isa = XCBuildConfiguration;
			baseConfigurationReference = D46D838BA8A25A38336A8251 /* Pods-eyedentifyTests.release.xcconfig */;
			buildSettings = {
				BUNDLE_LOADER = "$(TEST_HOST)";
				INFOPLIST_FILE = eyedentifyTests/Info.plist;
				LD_RUNPATH_SEARCH_PATHS = (
					"$(inherited)",
					"@executable_path/Frameworks",
					"@loader_path/Frameworks",
				);
				PRODUCT_BUNDLE_IDENTIFIER = "Mlab-Technologies.eyedentifyTests";
				PRODUCT_NAME = "$(TARGET_NAME)";
				SWIFT_VERSION = 3.0;
				TEST_HOST = "$(BUILT_PRODUCTS_DIR)/eyedentify.app/eyedentify";
			};
			name = Release;
		};
		AC22EC491E2AF0D0003433D1 /* Debug */ = {
			isa = XCBuildConfiguration;
			baseConfigurationReference = 51D95C0DBD928A1F92539C30 /* Pods-eyedentify-eyedentifyUITests.debug.xcconfig */;
			buildSettings = {
				INFOPLIST_FILE = eyedentifyUITests/Info.plist;
				LD_RUNPATH_SEARCH_PATHS = (
					"$(inherited)",
					"@executable_path/Frameworks",
					"@loader_path/Frameworks",
				);
				PRODUCT_BUNDLE_IDENTIFIER = "Mlab-Technologies.eyedentifyUITests";
				PRODUCT_NAME = "$(TARGET_NAME)";
				SWIFT_VERSION = 3.0;
				TEST_TARGET_NAME = eyedentify;
			};
			name = Debug;
		};
		AC22EC4A1E2AF0D0003433D1 /* Release */ = {
			isa = XCBuildConfiguration;
			baseConfigurationReference = 034529A1845CE3413B1153BC /* Pods-eyedentify-eyedentifyUITests.release.xcconfig */;
			buildSettings = {
				INFOPLIST_FILE = eyedentifyUITests/Info.plist;
				LD_RUNPATH_SEARCH_PATHS = (
					"$(inherited)",
					"@executable_path/Frameworks",
					"@loader_path/Frameworks",
				);
				PRODUCT_BUNDLE_IDENTIFIER = "Mlab-Technologies.eyedentifyUITests";
				PRODUCT_NAME = "$(TARGET_NAME)";
				SWIFT_VERSION = 3.0;
				TEST_TARGET_NAME = eyedentify;
			};
			name = Release;
		};
/* End XCBuildConfiguration section */

/* Begin XCConfigurationList section */
		AC22EC101E2AF0D0003433D1 /* Build configuration list for PBXProject "eyedentify" */ = {
			isa = XCConfigurationList;
			buildConfigurations = (
				AC22EC401E2AF0D0003433D1 /* Debug */,
				AC22EC411E2AF0D0003433D1 /* Release */,
			);
			defaultConfigurationIsVisible = 0;
			defaultConfigurationName = Release;
		};
		AC22EC421E2AF0D0003433D1 /* Build configuration list for PBXNativeTarget "eyedentify" */ = {
			isa = XCConfigurationList;
			buildConfigurations = (
				AC22EC431E2AF0D0003433D1 /* Debug */,
				AC22EC441E2AF0D0003433D1 /* Release */,
			);
			defaultConfigurationIsVisible = 0;
			defaultConfigurationName = Release;
		};
		AC22EC451E2AF0D0003433D1 /* Build configuration list for PBXNativeTarget "eyedentifyTests" */ = {
			isa = XCConfigurationList;
			buildConfigurations = (
				AC22EC461E2AF0D0003433D1 /* Debug */,
				AC22EC471E2AF0D0003433D1 /* Release */,
			);
			defaultConfigurationIsVisible = 0;
			defaultConfigurationName = Release;
		};
		AC22EC481E2AF0D0003433D1 /* Build configuration list for PBXNativeTarget "eyedentifyUITests" */ = {
			isa = XCConfigurationList;
			buildConfigurations = (
				AC22EC491E2AF0D0003433D1 /* Debug */,
				AC22EC4A1E2AF0D0003433D1 /* Release */,
			);
			defaultConfigurationIsVisible = 0;
			defaultConfigurationName = Release;
		};
/* End XCConfigurationList section */
	};
	rootObject = AC22EC0D1E2AF0D0003433D1 /* Project object */;
}
